
Microsoft Visual Studio Solution File, Format Version 12.00
# Visual Studio 15
VisualStudioVersion = 15.0.27428.2015
MinimumVisualStudioVersion = 10.0.40219.1
Project("{FAE04EC0-301F-11D3-BF4B-00C04F79EFBC}") = "JesseHolwell", "JesseHolwell\JesseHolwell.csproj", "{83B0F4C5-1C28-4B40-ABF2-AEE92DD6E99C}"
EndProject
Global
	GlobalSection(SolutionConfigurationPlatforms) = preSolution
		Debug|Any CPU = Debug|Any CPU
		Release|Any CPU = Release|Any CPU
	EndGlobalSection
	GlobalSection(ProjectConfigurationPlatforms) = postSolution
		{83B0F4C5-1C28-4B40-ABF2-AEE92DD6E99C}.Debug|Any CPU.ActiveCfg = Debug|Any CPU
		{83B0F4C5-1C28-4B40-ABF2-AEE92DD6E99C}.Debug|Any CPU.Build.0 = Debug|Any CPU
		{83B0F4C5-1C28-4B40-ABF2-AEE92DD6E99C}.Release|Any CPU.ActiveCfg = Release|Any CPU
		{83B0F4C5-1C28-4B40-ABF2-AEE92DD6E99C}.Release|Any CPU.Build.0 = Release|Any CPU
	EndGlobalSection
	GlobalSection(SolutionProperties) = preSolution
		HideSolutionNode = FALSE
	EndGlobalSection
	GlobalSection(ExtensibilityGlobals) = postSolution
		SolutionGuid = {51475CFF-51C5-4CD0-BAB2-7E096D42FD08}
	EndGlobalSection
EndGlobal
